
Microsoft Visual Studio Solution File, Format Version 12.00
# Visual Studio Version 17
VisualStudioVersion = 17.3.32901.215
MinimumVisualStudioVersion = 10.0.40219.1
Project("{9A19103F-16F7-4668-BE54-9A1E7A4F7556}") = "Donghak", "Donghak\Donghak.csproj", "{1E26DBCF-0058-4B3F-B384-E12DB6CA0714}"
EndProject
Project("{FAE04EC0-301F-11D3-BF4B-00C04F79EFBC}") = "MonkeyFinder", "MonkeyFinder\MonkeyFinder.csproj", "{6521C7C9-DFDC-4146-BB8A-09B426CE84B5}"
EndProject
Global
	GlobalSection(SolutionConfigurationPlatforms) = preSolution
		Debug|Any CPU = Debug|Any CPU
		Release|Any CPU = Release|Any CPU
	EndGlobalSection
	GlobalSection(ProjectConfigurationPlatforms) = postSolution
		{1E26DBCF-0058-4B3F-B384-E12DB6CA0714}.Debug|Any CPU.ActiveCfg = Debug|Any CPU
		{1E26DBCF-0058-4B3F-B384-E12DB6CA0714}.Debug|Any CPU.Build.0 = Debug|Any CPU
		{1E26DBCF-0058-4B3F-B384-E12DB6CA0714}.Debug|Any CPU.Deploy.0 = Debug|Any CPU
		{1E26DBCF-0058-4B3F-B384-E12DB6CA0714}.Release|Any CPU.ActiveCfg = Release|Any CPU
		{1E26DBCF-0058-4B3F-B384-E12DB6CA0714}.Release|Any CPU.Build.0 = Release|Any CPU
		{1E26DBCF-0058-4B3F-B384-E12DB6CA0714}.Release|Any CPU.Deploy.0 = Release|Any CPU
		{6521C7C9-DFDC-4146-BB8A-09B426CE84B5}.Debug|Any CPU.ActiveCfg = Debug|Any CPU
		{6521C7C9-DFDC-4146-BB8A-09B426CE84B5}.Debug|Any CPU.Build.0 = Debug|Any CPU
		{6521C7C9-DFDC-4146-BB8A-09B426CE84B5}.Debug|Any CPU.Deploy.0 = Debug|Any CPU
		{6521C7C9-DFDC-4146-BB8A-09B426CE84B5}.Release|Any CPU.ActiveCfg = Release|Any CPU
		{6521C7C9-DFDC-4146-BB8A-09B426CE84B5}.Release|Any CPU.Build.0 = Release|Any CPU
		{6521C7C9-DFDC-4146-BB8A-09B426CE84B5}.Release|Any CPU.Deploy.0 = Release|Any CPU
	EndGlobalSection
	GlobalSection(SolutionProperties) = preSolution
		HideSolutionNode = FALSE
	EndGlobalSection
	GlobalSection(ExtensibilityGlobals) = postSolution
		SolutionGuid = {ED13C501-4AA1-4696-AEDC-B34F89E225AF}
	EndGlobalSection
EndGlobal
